
Microsoft Visual Studio Solution File, Format Version 12.00
# Visual Studio Version 16
VisualStudioVersion = 16.0.30128.74
MinimumVisualStudioVersion = 10.0.40219.1
Project("{FAE04EC0-301F-11D3-BF4B-00C04F79EFBC}") = "Neoverse_NekoOverhaul", "Neoverse_NekoOverhaul\Neoverse_NekoOverhaul.csproj", "{716F0B38-3A30-4663-992B-785C3374236E}"
EndProject
Global
	GlobalSection(SolutionConfigurationPlatforms) = preSolution
		Debug|Any CPU = Debug|Any CPU
		Release|Any CPU = Release|Any CPU
	EndGlobalSection
	GlobalSection(ProjectConfigurationPlatforms) = postSolution
		{716F0B38-3A30-4663-992B-785C3374236E}.Debug|Any CPU.ActiveCfg = Debug|Any CPU
		{716F0B38-3A30-4663-992B-785C3374236E}.Debug|Any CPU.Build.0 = Debug|Any CPU
		{716F0B38-3A30-4663-992B-785C3374236E}.Release|Any CPU.ActiveCfg = Release|Any CPU
		{716F0B38-3A30-4663-992B-785C3374236E}.Release|Any CPU.Build.0 = Release|Any CPU
	EndGlobalSection
	GlobalSection(SolutionProperties) = preSolution
		HideSolutionNode = FALSE
	EndGlobalSection
	GlobalSection(ExtensibilityGlobals) = postSolution
		SolutionGuid = {2C973E8B-B742-4F95-ACAC-435ACCFE164E}
	EndGlobalSection
EndGlobal
